
Microsoft Visual Studio Solution File, Format Version 12.00
# Visual Studio Version 17
VisualStudioVersion = 17.8.34302.71
MinimumVisualStudioVersion = 10.0.40219.1
Project("{FAE04EC0-301F-11D3-BF4B-00C04F79EFBC}") = "TwitterAuthDemo", "TwitterAuthDemo\TwitterAuthDemo\TwitterAuthDemo.csproj", "{D1B88704-60AB-4813-A859-453D1B1C59F0}"
EndProject
Project("{FAE04EC0-301F-11D3-BF4B-00C04F79EFBC}") = "TwitterAuthDemo.Client", "TwitterAuthDemo\TwitterAuthDemo.Client\TwitterAuthDemo.Client.csproj", "{FB6D65BD-D4EF-4D48-B06D-540AF2EBDCDA}"
EndProject
Global
	GlobalSection(SolutionConfigurationPlatforms) = preSolution
		Debug|Any CPU = Debug|Any CPU
		Release|Any CPU = Release|Any CPU
	EndGlobalSection
	GlobalSection(ProjectConfigurationPlatforms) = postSolution
		{D1B88704-60AB-4813-A859-453D1B1C59F0}.Debug|Any CPU.ActiveCfg = Debug|Any CPU
		{D1B88704-60AB-4813-A859-453D1B1C59F0}.Debug|Any CPU.Build.0 = Debug|Any CPU
		{D1B88704-60AB-4813-A859-453D1B1C59F0}.Release|Any CPU.ActiveCfg = Release|Any CPU
		{D1B88704-60AB-4813-A859-453D1B1C59F0}.Release|Any CPU.Build.0 = Release|Any CPU
		{FB6D65BD-D4EF-4D48-B06D-540AF2EBDCDA}.Debug|Any CPU.ActiveCfg = Debug|Any CPU
		{FB6D65BD-D4EF-4D48-B06D-540AF2EBDCDA}.Debug|Any CPU.Build.0 = Debug|Any CPU
		{FB6D65BD-D4EF-4D48-B06D-540AF2EBDCDA}.Release|Any CPU.ActiveCfg = Release|Any CPU
		{FB6D65BD-D4EF-4D48-B06D-540AF2EBDCDA}.Release|Any CPU.Build.0 = Release|Any CPU
	EndGlobalSection
	GlobalSection(SolutionProperties) = preSolution
		HideSolutionNode = FALSE
	EndGlobalSection
	GlobalSection(ExtensibilityGlobals) = postSolution
		SolutionGuid = {406FF025-262B-4160-BCCC-4EB4F3AEF035}
	EndGlobalSection
EndGlobal
